// !$*UTF8*$!
{
	archiveVersion = 1;
	classes = {
	};
	objectVersion = 50;
	objects = {

/* Begin PBXBuildFile section */
		14BCEA0425F96D75009102C2 /* AppDelegate.swift in Sources */ = {isa = PBXBuildFile; fileRef = 14BCEA0325F96D75009102C2 /* AppDelegate.swift */; };
		14BCEA0625F96D75009102C2 /* SceneDelegate.swift in Sources */ = {isa = PBXBuildFile; fileRef = 14BCEA0525F96D75009102C2 /* SceneDelegate.swift */; };
		14BCEA0B25F96D75009102C2 /* Main.storyboard in Resources */ = {isa = PBXBuildFile; fileRef = 14BCEA0925F96D75009102C2 /* Main.storyboard */; };
		14BCEA0D25F96D76009102C2 /* Assets.xcassets in Resources */ = {isa = PBXBuildFile; fileRef = 14BCEA0C25F96D76009102C2 /* Assets.xcassets */; };
		14BCEA1025F96D76009102C2 /* LaunchScreen.storyboard in Resources */ = {isa = PBXBuildFile; fileRef = 14BCEA0E25F96D76009102C2 /* LaunchScreen.storyboard */; };
		14BCEA2625FA8C45009102C2 /* heroes.json in Resources */ = {isa = PBXBuildFile; fileRef = 14BCEA2525FA8C45009102C2 /* heroes.json */; };
		14BCEA2F25FA9466009102C2 /* DescriptionViewController.swift in Sources */ = {isa = PBXBuildFile; fileRef = 14BCEA2E25FA9466009102C2 /* DescriptionViewController.swift */; };
		14BCEA3225FA947E009102C2 /* HeroesTableViewController.swift in Sources */ = {isa = PBXBuildFile; fileRef = 14BCEA3125FA947E009102C2 /* HeroesTableViewController.swift */; };
		14BCEA3525FA953B009102C2 /* HeroesModel.swift in Sources */ = {isa = PBXBuildFile; fileRef = 14BCEA3425FA953B009102C2 /* HeroesModel.swift */; };
/* End PBXBuildFile section */

/* Begin PBXFileReference section */
		14BCEA0025F96D75009102C2 /* HEROES.app */ = {isa = PBXFileReference; explicitFileType = wrapper.application; includeInIndex = 0; path = HEROES.app; sourceTree = BUILT_PRODUCTS_DIR; };
		14BCEA0325F96D75009102C2 /* AppDelegate.swift */ = {isa = PBXFileReference; lastKnownFileType = sourcecode.swift; path = AppDelegate.swift; sourceTree = "<group>"; };
		14BCEA0525F96D75009102C2 /* SceneDelegate.swift */ = {isa = PBXFileReference; lastKnownFileType = sourcecode.swift; path = SceneDelegate.swift; sourceTree = "<group>"; };
		14BCEA0A25F96D75009102C2 /* Base */ = {isa = PBXFileReference; lastKnownFileType = file.storyboard; name = Base; path = Base.lproj/Main.storyboard; sourceTree = "<group>"; };
		14BCEA0C25F96D76009102C2 /* Assets.xcassets */ = {isa = PBXFileReference; lastKnownFileType = folder.assetcatalog; path = Assets.xcassets; sourceTree = "<group>"; };
		14BCEA0F25F96D76009102C2 /* Base */ = {isa = PBXFileReference; lastKnownFileType = file.storyboard; name = Base; path = Base.lproj/LaunchScreen.storyboard; sourceTree = "<group>"; };
		14BCEA1125F96D76009102C2 /* Info.plist */ = {isa = PBXFileReference; lastKnownFileType = text.plist.xml; path = Info.plist; sourceTree = "<group>"; };
		14BCEA2525FA8C45009102C2 /* heroes.json */ = {isa = PBXFileReference; fileEncoding = 4; lastKnownFileType = text.json; name = heroes.json; path = ../../../../../../Downloads/heroes.json; sourceTree = "<group>"; };
		14BCEA2E25FA9466009102C2 /* DescriptionViewController.swift */ = {isa = PBXFileReference; lastKnownFileType = sourcecode.swift; path = DescriptionViewController.swift; sourceTree = "<group>"; };
		14BCEA3125FA947E009102C2 /* HeroesTableViewController.swift */ = {isa = PBXFileReference; lastKnownFileType = sourcecode.swift; path = HeroesTableViewController.swift; sourceTree = "<group>"; };
		14BCEA3425FA953B009102C2 /* HeroesModel.swift */ = {isa = PBXFileReference; lastKnownFileType = sourcecode.swift; path = HeroesModel.swift; sourceTree = "<group>"; };
/* End PBXFileReference section */

/* Begin PBXFrameworksBuildPhase section */
		14BCE9FD25F96D75009102C2 /* Frameworks */ = {
			isa = PBXFrameworksBuildPhase;
			buildActionMask = 2147483647;
			files = (
			);
			runOnlyForDeploymentPostprocessing = 0;
		};
/* End PBXFrameworksBuildPhase section */

/* Begin PBXGroup section */
		14BCE9F725F96D75009102C2 = {
			isa = PBXGroup;
			children = (
				14BCEA0225F96D75009102C2 /* HEROES */,
				14BCEA0125F96D75009102C2 /* Products */,
			);
			sourceTree = "<group>";
		};
		14BCEA0125F96D75009102C2 /* Products */ = {
			isa = PBXGroup;
			children = (
				14BCEA0025F96D75009102C2 /* HEROES.app */,
			);
			name = Products;
			sourceTree = "<group>";
		};
		14BCEA0225F96D75009102C2 /* HEROES */ = {
			isa = PBXGroup;
			children = (
				14BCEA0325F96D75009102C2 /* AppDelegate.swift */,
				14BCEA0525F96D75009102C2 /* SceneDelegate.swift */,
				14BCEA1C25FA67FD009102C2 /* Files */,
				14BCEA1825F98F54009102C2 /* Models */,
				14BCEA1925F98F70009102C2 /* Views */,
				14BCEA1A25F98F8E009102C2 /* Controllers */,
				14BCEA0C25F96D76009102C2 /* Assets.xcassets */,
				14BCEA1125F96D76009102C2 /* Info.plist */,
			);
			path = HEROES;
			sourceTree = "<group>";
		};
		14BCEA1825F98F54009102C2 /* Models */ = {
			isa = PBXGroup;
			children = (
				14BCEA3425FA953B009102C2 /* HeroesModel.swift */,
			);
			path = Models;
			sourceTree = "<group>";
		};
		14BCEA1925F98F70009102C2 /* Views */ = {
			isa = PBXGroup;
			children = (
				14BCEA0925F96D75009102C2 /* Main.storyboard */,
				14BCEA0E25F96D76009102C2 /* LaunchScreen.storyboard */,
			);
			path = Views;
			sourceTree = "<group>";
		};
		14BCEA1A25F98F8E009102C2 /* Controllers */ = {
			isa = PBXGroup;
			children = (
				14BCEA3125FA947E009102C2 /* HeroesTableViewController.swift */,
				14BCEA2E25FA9466009102C2 /* DescriptionViewController.swift */,
			);
			path = Controllers;
			sourceTree = "<group>";
		};
		14BCEA1C25FA67FD009102C2 /* Files */ = {
			isa = PBXGroup;
			children = (
				14BCEA2525FA8C45009102C2 /* heroes.json */,
			);
			path = Files;
			sourceTree = "<group>";
		};
/* End PBXGroup section */

/* Begin PBXNativeTarget section */
		14BCE9FF25F96D75009102C2 /* HEROES */ = {
			isa = PBXNativeTarget;
			buildConfigurationList = 14BCEA1425F96D76009102C2 /* Build configuration list for PBXNativeTarget "HEROES" */;
			buildPhases = (
				14BCE9FC25F96D75009102C2 /* Sources */,
				14BCE9FD25F96D75009102C2 /* Frameworks */,
				14BCE9FE25F96D75009102C2 /* Resources */,
			);
			buildRules = (
			);
			dependencies = (
			);
			name = HEROES;
			productName = HEROES;
			productReference = 14BCEA0025F96D75009102C2 /* HEROES.app */;
			productType = "com.apple.product-type.application";
		};
/* End PBXNativeTarget section */

/* Begin PBXProject section */
		14BCE9F825F96D75009102C2 /* Project object */ = {
			isa = PBXProject;
			attributes = {
				LastSwiftUpdateCheck = 1240;
				LastUpgradeCheck = 1240;
				TargetAttributes = {
					14BCE9FF25F96D75009102C2 = {
						CreatedOnToolsVersion = 12.4;
					};
				};
			};
			buildConfigurationList = 14BCE9FB25F96D75009102C2 /* Build configuration list for PBXProject "HEROES" */;
			compatibilityVersion = "Xcode 9.3";
			developmentRegion = en;
			hasScannedForEncodings = 0;
			knownRegions = (
				en,
				Base,
			);
			mainGroup = 14BCE9F725F96D75009102C2;
			productRefGroup = 14BCEA0125F96D75009102C2 /* Products */;
			projectDirPath = "";
			projectRoot = "";
			targets = (
				14BCE9FF25F96D75009102C2 /* HEROES */,
			);
		};
/* End PBXProject section */

/* Begin PBXResourcesBuildPhase section */
		14BCE9FE25F96D75009102C2 /* Resources */ = {
			isa = PBXResourcesBuildPhase;
			buildActionMask = 2147483647;
			files = (
				14BCEA1025F96D76009102C2 /* LaunchScreen.storyboard in Resources */,
				14BCEA2625FA8C45009102C2 /* heroes.json in Resources */,
				14BCEA0D25F96D76009102C2 /* Assets.xcassets in Resources */,
				14BCEA0B25F96D75009102C2 /* Main.storyboard in Resources */,
			);
			runOnlyForDeploymentPostprocessing = 0;
		};
/* End PBXResourcesBuildPhase section */

/* Begin PBXSourcesBuildPhase section */
		14BCE9FC25F96D75009102C2 /* Sources */ = {
			isa = PBXSourcesBuildPhase;
			buildActionMask = 2147483647;
			files = (
				14BCEA2F25FA9466009102C2 /* DescriptionViewController.swift in Sources */,
				14BCEA3525FA953B009102C2 /* HeroesModel.swift in Sources */,
				14BCEA0425F96D75009102C2 /* AppDelegate.swift in Sources */,
				14BCEA0625F96D75009102C2 /* SceneDelegate.swift in Sources */,
				14BCEA3225FA947E009102C2 /* HeroesTableViewController.swift in Sources */,
			);
			runOnlyForDeploymentPostprocessing = 0;
		};
/* End PBXSourcesBuildPhase section */

/* Begin PBXVariantGroup section */
		14BCEA0925F96D75009102C2 /* Main.storyboard */ = {
			isa = PBXVariantGroup;
			children = (
				14BCEA0A25F96D75009102C2 /* Base */,
			);
			name = Main.storyboard;
			sourceTree = "<group>";
		};
		14BCEA0E25F96D76009102C2 /* LaunchScreen.storyboard */ = {
			isa = PBXVariantGroup;
			children = (
				14BCEA0F25F96D76009102C2 /* Base */,
			);
			name = LaunchScreen.storyboard;
			sourceTree = "<group>";
		};
/* End PBXVariantGroup section */

/* Begin XCBuildConfiguration section */
		14BCEA1225F96D76009102C2 /* Debug */ = {
			isa = XCBuildConfiguration;
			buildSettings = {
				ALWAYS_SEARCH_USER_PATHS = NO;
				CLANG_ANALYZER_NONNULL = YES;
				CLANG_ANALYZER_NUMBER_OBJECT_CONVERSION = YES_AGGRESSIVE;
				CLANG_CXX_LANGUAGE_STANDARD = "gnu++14";
				CLANG_CXX_LIBRARY = "libc++";
				CLANG_ENABLE_MODULES = YES;
				CLANG_ENABLE_OBJC_ARC = YES;
				CLANG_ENABLE_OBJC_WEAK = YES;
				CLANG_WARN_BLOCK_CAPTURE_AUTORELEASING = YES;
				CLANG_WARN_BOOL_CONVERSION = YES;
				CLANG_WARN_COMMA = YES;
				CLANG_WARN_CONSTANT_CONVERSION = YES;
				CLANG_WARN_DEPRECATED_OBJC_IMPLEMENTATIONS = YES;
				CLANG_WARN_DIRECT_OBJC_ISA_USAGE = YES_ERROR;
				CLANG_WARN_DOCUMENTATION_COMMENTS = YES;
				CLANG_WARN_EMPTY_BODY = YES;
				CLANG_WARN_ENUM_CONVERSION = YES;
				CLANG_WARN_INFINITE_RECURSION = YES;
				CLANG_WARN_INT_CONVERSION = YES;
				CLANG_WARN_NON_LITERAL_NULL_CONVERSION = YES;
				CLANG_WARN_OBJC_IMPLICIT_RETAIN_SELF = YES;
				CLANG_WARN_OBJC_LITERAL_CONVERSION = YES;
				CLANG_WARN_OBJC_ROOT_CLASS = YES_ERROR;
				CLANG_WARN_QUOTED_INCLUDE_IN_FRAMEWORK_HEADER = YES;
				CLANG_WARN_RANGE_LOOP_ANALYSIS = YES;
				CLANG_WARN_STRICT_PROTOTYPES = YES;
				CLANG_WARN_SUSPICIOUS_MOVE = YES;
				CLANG_WARN_UNGUARDED_AVAILABILITY = YES_AGGRESSIVE;
				CLANG_WARN_UNREACHABLE_CODE = YES;
				CLANG_WARN__DUPLICATE_METHOD_MATCH = YES;
				COPY_PHASE_STRIP = NO;
				DEBUG_INFORMATION_FORMAT = dwarf;
				ENABLE_STRICT_OBJC_MSGSEND = YES;
				ENABLE_TESTABILITY = YES;
				GCC_C_LANGUAGE_STANDARD = gnu11;
				GCC_DYNAMIC_NO_PIC = NO;
				GCC_NO_COMMON_BLOCKS = YES;
				GCC_OPTIMIZATION_LEVEL = 0;
				GCC_PREPROCESSOR_DEFINITIONS = (
					"DEBUG=1",
					"$(inherited)",
				);
				GCC_WARN_64_TO_32_BIT_CONVERSION = YES;
				GCC_WARN_ABOUT_RETURN_TYPE = YES_ERROR;
				GCC_WARN_UNDECLARED_SELECTOR = YES;
				GCC_WARN_UNINITIALIZED_AUTOS = YES_AGGRESSIVE;
				GCC_WARN_UNUSED_FUNCTION = YES;
				GCC_WARN_UNUSED_VARIABLE = YES;
				IPHONEOS_DEPLOYMENT_TARGET = 14.4;
				MTL_ENABLE_DEBUG_INFO = INCLUDE_SOURCE;
				MTL_FAST_MATH = YES;
				ONLY_ACTIVE_ARCH = YES;
				SDKROOT = iphoneos;
				SWIFT_ACTIVE_COMPILATION_CONDITIONS = DEBUG;
				SWIFT_OPTIMIZATION_LEVEL = "-Onone";
			};
			name = Debug;
		};
		14BCEA1325F96D76009102C2 /* Release */ = {
			isa = XCBuildConfiguration;
			buildSettings = {
				ALWAYS_SEARCH_USER_PATHS = NO;
				CLANG_ANALYZER_NONNULL = YES;
				CLANG_ANALYZER_NUMBER_OBJECT_CONVERSION = YES_AGGRESSIVE;
				CLANG_CXX_LANGUAGE_STANDARD = "gnu++14";
				CLANG_CXX_LIBRARY = "libc++";
				CLANG_ENABLE_MODULES = YES;
				CLANG_ENABLE_OBJC_ARC = YES;
				CLANG_ENABLE_OBJC_WEAK = YES;
				CLANG_WARN_BLOCK_CAPTURE_AUTORELEASING = YES;
				CLANG_WARN_BOOL_CONVERSION = YES;
				CLANG_WARN_COMMA = YES;
				CLANG_WARN_CONSTANT_CONVERSION = YES;
				CLANG_WARN_DEPRECATED_OBJC_IMPLEMENTATIONS = YES;
				CLANG_WARN_DIRECT_OBJC_ISA_USAGE = YES_ERROR;
				CLANG_WARN_DOCUMENTATION_COMMENTS = YES;
				CLANG_WARN_EMPTY_BODY = YES;
				CLANG_WARN_ENUM_CONVERSION = YES;
				CLANG_WARN_INFINITE_RECURSION = YES;
				CLANG_WARN_INT_CONVERSION = YES;
				CLANG_WARN_NON_LITERAL_NULL_CONVERSION = YES;
				CLANG_WARN_OBJC_IMPLICIT_RETAIN_SELF = YES;
				CLANG_WARN_OBJC_LITERAL_CONVERSION = YES;
				CLANG_WARN_OBJC_ROOT_CLASS = YES_ERROR;
				CLANG_WARN_QUOTED_INCLUDE_IN_FRAMEWORK_HEADER = YES;
				CLANG_WARN_RANGE_LOOP_ANALYSIS = YES;
				CLANG_WARN_STRICT_PROTOTYPES = YES;
				CLANG_WARN_SUSPICIOUS_MOVE = YES;
				CLANG_WARN_UNGUARDED_AVAILABILITY = YES_AGGRESSIVE;
				CLANG_WARN_UNREACHABLE_CODE = YES;
				CLANG_WARN__DUPLICATE_METHOD_MATCH = YES;
				COPY_PHASE_STRIP = NO;
				DEBUG_INFORMATION_FORMAT = "dwarf-with-dsym";
				ENABLE_NS_ASSERTIONS = NO;
				ENABLE_STRICT_OBJC_MSGSEND = YES;
				GCC_C_LANGUAGE_STANDARD = gnu11;
				GCC_NO_COMMON_BLOCKS = YES;
				GCC_WARN_64_TO_32_BIT_CONVERSION = YES;
				GCC_WARN_ABOUT_RETURN_TYPE = YES_ERROR;
				GCC_WARN_UNDECLARED_SELECTOR = YES;
				GCC_WARN_UNINITIALIZED_AUTOS = YES_AGGRESSIVE;
				GCC_WARN_UNUSED_FUNCTION = YES;
				GCC_WARN_UNUSED_VARIABLE = YES;
				IPHONEOS_DEPLOYMENT_TARGET = 14.4;
				MTL_ENABLE_DEBUG_INFO = NO;
				MTL_FAST_MATH = YES;
				SDKROOT = iphoneos;
				SWIFT_COMPILATION_MODE = wholemodule;
				SWIFT_OPTIMIZATION_LEVEL = "-O";
				VALIDATE_PRODUCT = YES;
			};
			name = Release;
		};
		14BCEA1525F96D76009102C2 /* Debug */ = {
			isa = XCBuildConfiguration;
			buildSettings = {
				ASSETCATALOG_COMPILER_APPICON_NAME = AppIcon;
				ASSETCATALOG_COMPILER_GLOBAL_ACCENT_COLOR_NAME = AccentColor;
				CODE_SIGN_STYLE = Automatic;
				INFOPLIST_FILE = HEROES/Info.plist;
				LD_RUNPATH_SEARCH_PATHS = (
					"$(inherited)",
					"@executable_path/Frameworks",
				);
				PRODUCT_BUNDLE_IDENTIFIER = com.kevinsouza.HEROES;
				PRODUCT_NAME = "$(TARGET_NAME)";
				SWIFT_VERSION = 5.0;
				TARGETED_DEVICE_FAMILY = "1,2";
			};
			name = Debug;
		};
		14BCEA1625F96D76009102C2 /* Release */ = {
			isa = XCBuildConfiguration;
			buildSettings = {
				ASSETCATALOG_COMPILER_APPICON_NAME = AppIcon;
				ASSETCATALOG_COMPILER_GLOBAL_ACCENT_COLOR_NAME = AccentColor;
				CODE_SIGN_STYLE = Automatic;
				INFOPLIST_FILE = HEROES/Info.plist;
				LD_RUNPATH_SEARCH_PATHS = (
					"$(inherited)",
					"@executable_path/Frameworks",
				);
				PRODUCT_BUNDLE_IDENTIFIER = com.kevinsouza.HEROES;
				PRODUCT_NAME = "$(TARGET_NAME)";
				SWIFT_VERSION = 5.0;
				TARGETED_DEVICE_FAMILY = "1,2";
			};
			name = Release;
		};
/* End XCBuildConfiguration section */

/* Begin XCConfigurationList section */
		14BCE9FB25F96D75009102C2 /* Build configuration list for PBXProject "HEROES" */ = {
			isa = XCConfigurationList;
			buildConfigurations = (
				14BCEA1225F96D76009102C2 /* Debug */,
				14BCEA1325F96D76009102C2 /* Release */,
			);
			defaultConfigurationIsVisible = 0;
			defaultConfigurationName = Release;
		};
		14BCEA1425F96D76009102C2 /* Build configuration list for PBXNativeTarget "HEROES" */ = {
			isa = XCConfigurationList;
			buildConfigurations = (
				14BCEA1525F96D76009102C2 /* Debug */,
				14BCEA1625F96D76009102C2 /* Release */,
			);
			defaultConfigurationIsVisible = 0;
			defaultConfigurationName = Release;
		};
/* End XCConfigurationList section */
	};
	rootObject = 14BCE9F825F96D75009102C2 /* Project object */;
}
